
Microsoft Visual Studio Solution File, Format Version 12.00
# Visual Studio Version 17
VisualStudioVersion = 17.8.34322.80
MinimumVisualStudioVersion = 10.0.40219.1
Project("{9A19103F-16F7-4668-BE54-9A1E7A4F7556}") = "MyPortfolio", "MyPortolio\MyPortfolio.csproj", "{B8F4A135-54C1-4318-9085-26A8358774EE}"
EndProject
Global
	GlobalSection(SolutionConfigurationPlatforms) = preSolution
		Debug|Any CPU = Debug|Any CPU
		Release|Any CPU = Release|Any CPU
	EndGlobalSection
	GlobalSection(ProjectConfigurationPlatforms) = postSolution
		{B8F4A135-54C1-4318-9085-26A8358774EE}.Debug|Any CPU.ActiveCfg = Debug|Any CPU
		{B8F4A135-54C1-4318-9085-26A8358774EE}.Debug|Any CPU.Build.0 = Debug|Any CPU
		{B8F4A135-54C1-4318-9085-26A8358774EE}.Release|Any CPU.ActiveCfg = Release|Any CPU
		{B8F4A135-54C1-4318-9085-26A8358774EE}.Release|Any CPU.Build.0 = Release|Any CPU
	EndGlobalSection
	GlobalSection(SolutionProperties) = preSolution
		HideSolutionNode = FALSE
	EndGlobalSection
	GlobalSection(ExtensibilityGlobals) = postSolution
		SolutionGuid = {38CA0E41-EBEA-4DBD-AC6B-01A4E656E6DA}
	EndGlobalSection
EndGlobal
